
Microsoft Visual Studio Solution File, Format Version 12.00
# Visual Studio Version 17
VisualStudioVersion = 17.0.31912.275
MinimumVisualStudioVersion = 10.0.40219.1
Project("{FAE04EC0-301F-11D3-BF4B-00C04F79EFBC}") = "pharmacy_dependencies", "pharmacy_dependencies.csproj", "{65EFA909-52C4-479D-B50C-16FE09EF15D5}"
EndProject
Global
	GlobalSection(SolutionConfigurationPlatforms) = preSolution
		Debug|Any CPU = Debug|Any CPU
		Release|Any CPU = Release|Any CPU
	EndGlobalSection
	GlobalSection(ProjectConfigurationPlatforms) = postSolution
		{65EFA909-52C4-479D-B50C-16FE09EF15D5}.Debug|Any CPU.ActiveCfg = Debug|Any CPU
		{65EFA909-52C4-479D-B50C-16FE09EF15D5}.Debug|Any CPU.Build.0 = Debug|Any CPU
		{65EFA909-52C4-479D-B50C-16FE09EF15D5}.Release|Any CPU.ActiveCfg = Release|Any CPU
		{65EFA909-52C4-479D-B50C-16FE09EF15D5}.Release|Any CPU.Build.0 = Release|Any CPU
	EndGlobalSection
	GlobalSection(SolutionProperties) = preSolution
		HideSolutionNode = FALSE
	EndGlobalSection
	GlobalSection(ExtensibilityGlobals) = postSolution
		SolutionGuid = {30354764-9782-4ADC-A491-003D9DA6C447}
	EndGlobalSection
EndGlobal
