
Microsoft Visual Studio Solution File, Format Version 12.00
# Visual Studio Version 17
VisualStudioVersion = 17.0.31903.59
MinimumVisualStudioVersion = 10.0.40219.1
Project("{FAE04EC0-301F-11D3-BF4B-00C04F79EFBC}") = "lab09MirzaMohammadAzwad21", "lab09MirzaMohammadAzwad21.csproj", "{56E133D3-D47B-4799-98BF-20B0AC54AA1B}"
EndProject
Global
	GlobalSection(SolutionConfigurationPlatforms) = preSolution
		Debug|Any CPU = Debug|Any CPU
		Release|Any CPU = Release|Any CPU
	EndGlobalSection
	GlobalSection(ProjectConfigurationPlatforms) = postSolution
		{56E133D3-D47B-4799-98BF-20B0AC54AA1B}.Debug|Any CPU.ActiveCfg = Debug|Any CPU
		{56E133D3-D47B-4799-98BF-20B0AC54AA1B}.Debug|Any CPU.Build.0 = Debug|Any CPU
		{56E133D3-D47B-4799-98BF-20B0AC54AA1B}.Release|Any CPU.ActiveCfg = Release|Any CPU
		{56E133D3-D47B-4799-98BF-20B0AC54AA1B}.Release|Any CPU.Build.0 = Release|Any CPU
	EndGlobalSection
	GlobalSection(SolutionProperties) = preSolution
		HideSolutionNode = FALSE
	EndGlobalSection
	GlobalSection(ExtensibilityGlobals) = postSolution
		SolutionGuid = {0F2C24A4-482D-493A-9ED0-7714DB62955E}
	EndGlobalSection
EndGlobal
