
Microsoft Visual Studio Solution File, Format Version 12.00
# Visual Studio Version 17
VisualStudioVersion = 17.0.31912.275
MinimumVisualStudioVersion = 10.0.40219.1
Project("{FAE04EC0-301F-11D3-BF4B-00C04F79EFBC}") = "EventsAndEventHandling", "EventsAndEventHandling.csproj", "{BD9931DB-8912-4ADA-A0B0-5BE50ADB2189}"
EndProject
Global
	GlobalSection(SolutionConfigurationPlatforms) = preSolution
		Debug|Any CPU = Debug|Any CPU
		Release|Any CPU = Release|Any CPU
	EndGlobalSection
	GlobalSection(ProjectConfigurationPlatforms) = postSolution
		{BD9931DB-8912-4ADA-A0B0-5BE50ADB2189}.Debug|Any CPU.ActiveCfg = Debug|Any CPU
		{BD9931DB-8912-4ADA-A0B0-5BE50ADB2189}.Debug|Any CPU.Build.0 = Debug|Any CPU
		{BD9931DB-8912-4ADA-A0B0-5BE50ADB2189}.Release|Any CPU.ActiveCfg = Release|Any CPU
		{BD9931DB-8912-4ADA-A0B0-5BE50ADB2189}.Release|Any CPU.Build.0 = Release|Any CPU
	EndGlobalSection
	GlobalSection(SolutionProperties) = preSolution
		HideSolutionNode = FALSE
	EndGlobalSection
	GlobalSection(ExtensibilityGlobals) = postSolution
		SolutionGuid = {3C52E8F3-CAD7-49E7-97D6-5BD2EB6A55D8}
	EndGlobalSection
EndGlobal
