
Microsoft Visual Studio Solution File, Format Version 12.00
# Visual Studio Version 17
VisualStudioVersion = 17.0.31903.59
MinimumVisualStudioVersion = 10.0.40219.1
Project("{FAE04EC0-301F-11D3-BF4B-00C04F79EFBC}") = "Lab11_SWE4202", "Lab11_SWE4202.csproj", "{004051FA-4F11-4C43-9059-439FBF53736C}"
EndProject
Global
	GlobalSection(SolutionConfigurationPlatforms) = preSolution
		Debug|Any CPU = Debug|Any CPU
		Release|Any CPU = Release|Any CPU
	EndGlobalSection
	GlobalSection(ProjectConfigurationPlatforms) = postSolution
		{004051FA-4F11-4C43-9059-439FBF53736C}.Debug|Any CPU.ActiveCfg = Debug|Any CPU
		{004051FA-4F11-4C43-9059-439FBF53736C}.Debug|Any CPU.Build.0 = Debug|Any CPU
		{004051FA-4F11-4C43-9059-439FBF53736C}.Release|Any CPU.ActiveCfg = Release|Any CPU
		{004051FA-4F11-4C43-9059-439FBF53736C}.Release|Any CPU.Build.0 = Release|Any CPU
	EndGlobalSection
	GlobalSection(SolutionProperties) = preSolution
		HideSolutionNode = FALSE
	EndGlobalSection
	GlobalSection(ExtensibilityGlobals) = postSolution
		SolutionGuid = {886205DD-2A28-48C7-BDD3-03A9C10FAFDC}
	EndGlobalSection
EndGlobal
