
Microsoft Visual Studio Solution File, Format Version 12.00
# Visual Studio Version 17
VisualStudioVersion = 17.0.31912.275
MinimumVisualStudioVersion = 10.0.40219.1
Project("{FAE04EC0-301F-11D3-BF4B-00C04F79EFBC}") = "Lab09", "Lab09.csproj", "{5CF0A514-FB97-44A9-9D76-EC448C82A109}"
EndProject
Global
	GlobalSection(SolutionConfigurationPlatforms) = preSolution
		Debug|Any CPU = Debug|Any CPU
		Release|Any CPU = Release|Any CPU
	EndGlobalSection
	GlobalSection(ProjectConfigurationPlatforms) = postSolution
		{5CF0A514-FB97-44A9-9D76-EC448C82A109}.Debug|Any CPU.ActiveCfg = Debug|Any CPU
		{5CF0A514-FB97-44A9-9D76-EC448C82A109}.Debug|Any CPU.Build.0 = Debug|Any CPU
		{5CF0A514-FB97-44A9-9D76-EC448C82A109}.Release|Any CPU.ActiveCfg = Release|Any CPU
		{5CF0A514-FB97-44A9-9D76-EC448C82A109}.Release|Any CPU.Build.0 = Release|Any CPU
	EndGlobalSection
	GlobalSection(SolutionProperties) = preSolution
		HideSolutionNode = FALSE
	EndGlobalSection
	GlobalSection(ExtensibilityGlobals) = postSolution
		SolutionGuid = {ED234AB7-E5C9-4241-9CFD-2845CAF8045D}
	EndGlobalSection
EndGlobal
