
Microsoft Visual Studio Solution File, Format Version 12.00
# Visual Studio Version 17
VisualStudioVersion = 17.0.31912.275
MinimumVisualStudioVersion = 10.0.40219.1
Project("{FAE04EC0-301F-11D3-BF4B-00C04F79EFBC}") = "LaundryManagementSystem", "LaundryManagementSystem.csproj", "{7A1C20D7-EE4E-4670-BF9A-16A245217A88}"
EndProject
Global
	GlobalSection(SolutionConfigurationPlatforms) = preSolution
		Debug|Any CPU = Debug|Any CPU
		Release|Any CPU = Release|Any CPU
	EndGlobalSection
	GlobalSection(ProjectConfigurationPlatforms) = postSolution
		{7A1C20D7-EE4E-4670-BF9A-16A245217A88}.Debug|Any CPU.ActiveCfg = Debug|Any CPU
		{7A1C20D7-EE4E-4670-BF9A-16A245217A88}.Debug|Any CPU.Build.0 = Debug|Any CPU
		{7A1C20D7-EE4E-4670-BF9A-16A245217A88}.Release|Any CPU.ActiveCfg = Release|Any CPU
		{7A1C20D7-EE4E-4670-BF9A-16A245217A88}.Release|Any CPU.Build.0 = Release|Any CPU
	EndGlobalSection
	GlobalSection(SolutionProperties) = preSolution
		HideSolutionNode = FALSE
	EndGlobalSection
	GlobalSection(ExtensibilityGlobals) = postSolution
		SolutionGuid = {2EB9F27A-36E7-42A8-8638-6031CF35CFB0}
	EndGlobalSection
EndGlobal
